
Microsoft Visual Studio Solution File, Format Version 12.00
# Visual Studio Version 16
VisualStudioVersion = 16.0.29306.81
MinimumVisualStudioVersion = 10.0.40219.1
Project("{FAE04EC0-301F-11D3-BF4B-00C04F79EFBC}") = "WpfApp1", "WpfApp1\WpfApp1.csproj", "{C7F92A93-3B43-4580-B6D1-FF1C48E86604}"
EndProject
Global
	GlobalSection(SolutionConfigurationPlatforms) = preSolution
		Debug|Any CPU = Debug|Any CPU
		Release|Any CPU = Release|Any CPU
	EndGlobalSection
	GlobalSection(ProjectConfigurationPlatforms) = postSolution
		{C7F92A93-3B43-4580-B6D1-FF1C48E86604}.Debug|Any CPU.ActiveCfg = Debug|Any CPU
		{C7F92A93-3B43-4580-B6D1-FF1C48E86604}.Debug|Any CPU.Build.0 = Debug|Any CPU
		{C7F92A93-3B43-4580-B6D1-FF1C48E86604}.Release|Any CPU.ActiveCfg = Release|Any CPU
		{C7F92A93-3B43-4580-B6D1-FF1C48E86604}.Release|Any CPU.Build.0 = Release|Any CPU
	EndGlobalSection
	GlobalSection(SolutionProperties) = preSolution
		HideSolutionNode = FALSE
	EndGlobalSection
	GlobalSection(ExtensibilityGlobals) = postSolution
		SolutionGuid = {F2D16761-50EA-40FE-AB12-49A480AB2AF8}
	EndGlobalSection
EndGlobal
